
Microsoft Visual Studio Solution File, Format Version 12.00
# Visual Studio Version 17
VisualStudioVersion = 17.6.33829.357
MinimumVisualStudioVersion = 10.0.40219.1
Project("{9A19103F-16F7-4668-BE54-9A1E7A4F7556}") = "Ecommerce.Model", "Ecommerce.Model\Ecommerce.Model.csproj", "{5CEC5302-4D9B-4FA9-84EC-ABB1353876CF}"
EndProject
Project("{9A19103F-16F7-4668-BE54-9A1E7A4F7556}") = "Ecommerce.Repository", "Ecommerce.Repository\Ecommerce.Repository.csproj", "{50CC7958-B436-466D-A290-9B8CFB22F304}"
EndProject
Project("{9A19103F-16F7-4668-BE54-9A1E7A4F7556}") = "Ecommerce.Services", "Ecommerce.Services\Ecommerce.Services.csproj", "{BB1635B0-BCDE-4468-93CE-F8BC63DBBAB3}"
EndProject
Project("{9A19103F-16F7-4668-BE54-9A1E7A4F7556}") = "Ecommerce.DTO", "Ecommerce.DTO\Ecommerce.DTO.csproj", "{4E68A53F-9330-4BCD-B067-C23AE787DAAA}"
EndProject
Project("{9A19103F-16F7-4668-BE54-9A1E7A4F7556}") = "Ecommerce.Utility", "Ecommerce.Utility\Ecommerce.Utility.csproj", "{A1ED278C-6A53-4720-B403-E56CC130E8A7}"
EndProject
Project("{9A19103F-16F7-4668-BE54-9A1E7A4F7556}") = "Ecommerce.API", "Ecommerce.API\Ecommerce.API.csproj", "{FCEFAAE2-2EE3-41CA-AFA2-32BFB0893D9D}"
EndProject
Project("{9A19103F-16F7-4668-BE54-9A1E7A4F7556}") = "Ecommerce.WebAssembly", "Ecommerce.WebAssembly\Ecommerce.WebAssembly.csproj", "{E2B59B97-4E09-475B-B37B-CBC850CEB5C5}"
EndProject
Global
	GlobalSection(SolutionConfigurationPlatforms) = preSolution
		Debug|Any CPU = Debug|Any CPU
		Release|Any CPU = Release|Any CPU
	EndGlobalSection
	GlobalSection(ProjectConfigurationPlatforms) = postSolution
		{5CEC5302-4D9B-4FA9-84EC-ABB1353876CF}.Debug|Any CPU.ActiveCfg = Debug|Any CPU
		{5CEC5302-4D9B-4FA9-84EC-ABB1353876CF}.Debug|Any CPU.Build.0 = Debug|Any CPU
		{5CEC5302-4D9B-4FA9-84EC-ABB1353876CF}.Release|Any CPU.ActiveCfg = Release|Any CPU
		{5CEC5302-4D9B-4FA9-84EC-ABB1353876CF}.Release|Any CPU.Build.0 = Release|Any CPU
		{50CC7958-B436-466D-A290-9B8CFB22F304}.Debug|Any CPU.ActiveCfg = Debug|Any CPU
		{50CC7958-B436-466D-A290-9B8CFB22F304}.Debug|Any CPU.Build.0 = Debug|Any CPU
		{50CC7958-B436-466D-A290-9B8CFB22F304}.Release|Any CPU.ActiveCfg = Release|Any CPU
		{50CC7958-B436-466D-A290-9B8CFB22F304}.Release|Any CPU.Build.0 = Release|Any CPU
		{BB1635B0-BCDE-4468-93CE-F8BC63DBBAB3}.Debug|Any CPU.ActiveCfg = Debug|Any CPU
		{BB1635B0-BCDE-4468-93CE-F8BC63DBBAB3}.Debug|Any CPU.Build.0 = Debug|Any CPU
		{BB1635B0-BCDE-4468-93CE-F8BC63DBBAB3}.Release|Any CPU.ActiveCfg = Release|Any CPU
		{BB1635B0-BCDE-4468-93CE-F8BC63DBBAB3}.Release|Any CPU.Build.0 = Release|Any CPU
		{4E68A53F-9330-4BCD-B067-C23AE787DAAA}.Debug|Any CPU.ActiveCfg = Debug|Any CPU
		{4E68A53F-9330-4BCD-B067-C23AE787DAAA}.Debug|Any CPU.Build.0 = Debug|Any CPU
		{4E68A53F-9330-4BCD-B067-C23AE787DAAA}.Release|Any CPU.ActiveCfg = Release|Any CPU
		{4E68A53F-9330-4BCD-B067-C23AE787DAAA}.Release|Any CPU.Build.0 = Release|Any CPU
		{A1ED278C-6A53-4720-B403-E56CC130E8A7}.Debug|Any CPU.ActiveCfg = Debug|Any CPU
		{A1ED278C-6A53-4720-B403-E56CC130E8A7}.Debug|Any CPU.Build.0 = Debug|Any CPU
		{A1ED278C-6A53-4720-B403-E56CC130E8A7}.Release|Any CPU.ActiveCfg = Release|Any CPU
		{A1ED278C-6A53-4720-B403-E56CC130E8A7}.Release|Any CPU.Build.0 = Release|Any CPU
		{FCEFAAE2-2EE3-41CA-AFA2-32BFB0893D9D}.Debug|Any CPU.ActiveCfg = Debug|Any CPU
		{FCEFAAE2-2EE3-41CA-AFA2-32BFB0893D9D}.Debug|Any CPU.Build.0 = Debug|Any CPU
		{FCEFAAE2-2EE3-41CA-AFA2-32BFB0893D9D}.Release|Any CPU.ActiveCfg = Release|Any CPU
		{FCEFAAE2-2EE3-41CA-AFA2-32BFB0893D9D}.Release|Any CPU.Build.0 = Release|Any CPU
		{E2B59B97-4E09-475B-B37B-CBC850CEB5C5}.Debug|Any CPU.ActiveCfg = Debug|Any CPU
		{E2B59B97-4E09-475B-B37B-CBC850CEB5C5}.Debug|Any CPU.Build.0 = Debug|Any CPU
		{E2B59B97-4E09-475B-B37B-CBC850CEB5C5}.Release|Any CPU.ActiveCfg = Release|Any CPU
		{E2B59B97-4E09-475B-B37B-CBC850CEB5C5}.Release|Any CPU.Build.0 = Release|Any CPU
	EndGlobalSection
	GlobalSection(SolutionProperties) = preSolution
		HideSolutionNode = FALSE
	EndGlobalSection
	GlobalSection(ExtensibilityGlobals) = postSolution
		SolutionGuid = {226F75C0-0C39-4480-8FA4-9D8E3D93AF0C}
	EndGlobalSection
EndGlobal
